
Microsoft Visual Studio Solution File, Format Version 12.00
# Visual Studio Version 16
VisualStudioVersion = 16.0.29728.190
MinimumVisualStudioVersion = 10.0.40219.1
Project("{FAE04EC0-301F-11D3-BF4B-00C04F79EFBC}") = "Routine.Api", "Routine.Api\Routine.Api.csproj", "{9C49EF72-E5E6-428C-B8AF-4A792B714CE8}"
EndProject
Global
	GlobalSection(SolutionConfigurationPlatforms) = preSolution
		Debug|Any CPU = Debug|Any CPU
		Release|Any CPU = Release|Any CPU
	EndGlobalSection
	GlobalSection(ProjectConfigurationPlatforms) = postSolution
		{9C49EF72-E5E6-428C-B8AF-4A792B714CE8}.Debug|Any CPU.ActiveCfg = Debug|Any CPU
		{9C49EF72-E5E6-428C-B8AF-4A792B714CE8}.Debug|Any CPU.Build.0 = Debug|Any CPU
		{9C49EF72-E5E6-428C-B8AF-4A792B714CE8}.Release|Any CPU.ActiveCfg = Release|Any CPU
		{9C49EF72-E5E6-428C-B8AF-4A792B714CE8}.Release|Any CPU.Build.0 = Release|Any CPU
	EndGlobalSection
	GlobalSection(SolutionProperties) = preSolution
		HideSolutionNode = FALSE
	EndGlobalSection
	GlobalSection(ExtensibilityGlobals) = postSolution
		SolutionGuid = {238CAE67-DC33-4CDC-9C91-24D9634AC261}
	EndGlobalSection
EndGlobal
